{
  "name": "rn003",
  "version": "0.0.1",
  "lockfileVersion": 1,
  "requires": true,
  "dependencies": {
    "@types/hoist-non-react-statics": {
      "version": "3.3.1",
      "resolved": "http://registry.npm.taobao.org/@types/hoist-non-react-statics/download/@types/hoist-non-react-statics-3.3.1.tgz",
      "integrity": "sha1-ESSq/lEYy1kZd66xzqrtEHDrA58=",
      "requires": {
        "@types/react": "16.8.13",
        "hoist-non-react-statics": "3.3.0"
      }
    },
    "@types/prop-types": {
      "version": "15.7.0",
      "resolved": "http://registry.npm.taobao.org/@types/prop-types/download/@types/prop-types-15.7.0.tgz",
      "integrity": "sha1-TEj+2VjW3PlIcZWg72RW1fbgFjo="
    },
    "@types/react": {
      "version": "16.8.13",
      "resolved": "http://registry.npm.taobao.org/@types/react/download/@types/react-16.8.13.tgz",
      "integrity": "sha1-qCsVqtmrkcQO3KDWiJt3Ra4k8FM=",
      "requires": {
        "@types/prop-types": "15.7.0",
        "csstype": "2.6.3"
      }
    },
    "@types/react-native": {
      "version": "0.57.43",
      "resolved": "http://registry.npm.taobao.org/@types/react-native/download/@types/react-native-0.57.43.tgz",
      "integrity": "sha1-pNP6e+kFqOKLdoIiAzXazv/9gW8=",
      "requires": {
        "@types/prop-types": "15.7.0",
        "@types/react": "16.8.13"
      }
    },
    "@types/react-navigation": {
      "version": "3.0.6",
      "resolved": "http://registry.npm.taobao.org/@types/react-navigation/download/@types/react-navigation-3.0.6.tgz",
      "integrity": "sha1-l6tBjrbimRnw94eFxcNglU6IbXU=",
      "requires": {
        "@types/react": "16.8.13",
        "@types/react-native": "0.57.43"
      }
    },
    "@types/react-redux": {
      "version": "7.0.6",
      "resolved": "http://registry.npm.taobao.org/@types/react-redux/download/@types/react-redux-7.0.6.tgz",
      "integrity": "sha1-mSJxRQ4NO/YRMK2eNWrQGIQcf3g=",
      "requires": {
        "@types/hoist-non-react-statics": "3.3.1",
        "@types/react": "16.8.13",
        "redux": "4.0.1"
      },
      "dependencies": {
        "redux": {
          "version": "4.0.1",
          "resolved": "http://registry.npm.taobao.org/redux/download/redux-4.0.1.tgz",
          "integrity": "sha1-Q2yubMQPvkcnaJ18j65EgI8b/vU=",
          "requires": {
            "loose-envify": "1.4.0",
            "symbol-observable": "1.2.0"
          }
        }
      }
    },
    "@types/redux": {
      "version": "3.6.0",
      "resolved": "http://registry.npm.taobao.org/@types/redux/download/@types/redux-3.6.0.tgz",
      "integrity": "sha1-8evh5UEVGAcuT9/KXHbhbnTBOZo=",
      "requires": {
        "redux": "4.0.1"
      },
      "dependencies": {
        "redux": {
          "version": "4.0.1",
          "resolved": "http://registry.npm.taobao.org/redux/download/redux-4.0.1.tgz",
          "integrity": "sha1-Q2yubMQPvkcnaJ18j65EgI8b/vU=",
          "requires": {
            "loose-envify": "1.4.0",
            "symbol-observable": "1.2.0"
          }
        }
      }
    },
    "@types/redux-devtools-extension": {
      "version": "2.13.2",
      "resolved": "http://registry.npm.taobao.org/@types/redux-devtools-extension/download/@types/redux-devtools-extension-2.13.2.tgz",
      "integrity": "sha1-suCajBY7Kw9QcualrEFHQADfIRE=",
      "requires": {
        "redux-devtools-extension": "2.13.8"
      },
      "dependencies": {
        "redux-devtools-extension": {
          "version": "2.13.8",
          "resolved": "http://registry.npm.taobao.org/redux-devtools-extension/download/redux-devtools-extension-2.13.8.tgz",
          "integrity": "sha1-N7mCaIYm5eSZP/hyIMm7t80tluE="
        }
      }
    },
    "@types/redux-thunk": {
      "version": "2.1.0",
      "resolved": "http://registry.npm.taobao.org/@types/redux-thunk/download/@types/redux-thunk-2.1.0.tgz",
      "integrity": "sha1-vCtulylhgxr7gqm/TwZybjUflBY=",
      "requires": {
        "redux-thunk": "2.3.0"
      },
      "dependencies": {
        "redux-thunk": {
          "version": "2.3.0",
          "resolved": "http://registry.npm.taobao.org/redux-thunk/download/redux-thunk-2.3.0.tgz",
          "integrity": "sha1-UcLBmhhe1Rh6qpotCLZm0NZGdiI="
        }
      }
    },
    "csstype": {
      "version": "2.6.3",
      "resolved": "http://registry.npm.taobao.org/csstype/download/csstype-2.6.3.tgz",
      "integrity": "sha1-twHlloJFv5sI1UrIPQC2JOYiqfo="
    },
    "hoist-non-react-statics": {
      "version": "3.3.0",
      "resolved": "http://registry.npm.taobao.org/hoist-non-react-statics/download/hoist-non-react-statics-3.3.0.tgz",
      "integrity": "sha1-sJF48BIhhPuVrPUl2q7LTY9FlYs=",
      "requires": {
        "react-is": "16.8.6"
      }
    },
    "js-tokens": {
      "version": "4.0.0",
      "resolved": "http://registry.npm.taobao.org/js-tokens/download/js-tokens-4.0.0.tgz",
      "integrity": "sha1-GSA/tZmR35jjoocFDUZHzerzJJk="
    },
    "loose-envify": {
      "version": "1.4.0",
      "resolved": "http://registry.npm.taobao.org/loose-envify/download/loose-envify-1.4.0.tgz",
      "integrity": "sha1-ce5R+nvkyuwaY4OffmgtgTLTDK8=",
      "requires": {
        "js-tokens": "4.0.0"
      }
    },
    "react-is": {
      "version": "16.8.6",
      "resolved": "http://registry.npm.taobao.org/react-is/download/react-is-16.8.6.tgz",
      "integrity": "sha1-W7weLSkUHJ+9/tRWND/ivEMKahY="
    },
    "symbol-observable": {
      "version": "1.2.0",
      "resolved": "http://registry.npm.taobao.org/symbol-observable/download/symbol-observable-1.2.0.tgz",
      "integrity": "sha1-wiaIrtTqs83C3+rLtWFmBWCgCAQ="
    }
  }
}
